// !$*UTF8*$!
{
	archiveVersion = 1;
	classes = {
	};
	objectVersion = 50;
	objects = {

/* Begin PBXBuildFile section */
		F09213FB23AC401200054132 /* Email Coordinator.swift in Sources */ = {isa = PBXBuildFile; fileRef = F09213FA23AC401200054132 /* Email Coordinator.swift */; };
		F0AAD97C23B7EB9A0095687C /* UserPrefereneces.swift in Sources */ = {isa = PBXBuildFile; fileRef = F0AAD97B23B7EB9A0095687C /* UserPrefereneces.swift */; };
		F0B574B8239EFF8800194412 /* ProductsStore.swift in Sources */ = {isa = PBXBuildFile; fileRef = F0B574B7239EFF8800194412 /* ProductsStore.swift */; };
		F0C0FCE22394BD0700CBF025 /* UntimedTapView.swift in Sources */ = {isa = PBXBuildFile; fileRef = F0C0FCE12394BD0600CBF025 /* UntimedTapView.swift */; };
		F0C0FCEC2399C55400CBF025 /* Nunito-SemiBold.ttf in Resources */ = {isa = PBXBuildFile; fileRef = F0C0FCE92399C55300CBF025 /* Nunito-SemiBold.ttf */; };
		F0C0FCEE2399C55400CBF025 /* Nunito-Bold.ttf in Resources */ = {isa = PBXBuildFile; fileRef = F0C0FCEB2399C55400CBF025 /* Nunito-Bold.ttf */; };
		F0C0FCF1239A8E8D00CBF025 /* StoreKit.framework in Frameworks */ = {isa = PBXBuildFile; fileRef = F0C0FCF0239A8E8D00CBF025 /* StoreKit.framework */; };
		F0C0FCF4239ADAAF00CBF025 /* OnboardingScreen.swift in Sources */ = {isa = PBXBuildFile; fileRef = F0C0FCF3239ADAAF00CBF025 /* OnboardingScreen.swift */; };
		F0D1826223938C2B0022998E /* AppDelegate.swift in Sources */ = {isa = PBXBuildFile; fileRef = F0D1826123938C2B0022998E /* AppDelegate.swift */; };
		F0D1826423938C2B0022998E /* SceneDelegate.swift in Sources */ = {isa = PBXBuildFile; fileRef = F0D1826323938C2B0022998E /* SceneDelegate.swift */; };
		F0D1826623938C2B0022998E /* TabBarViewController.swift in Sources */ = {isa = PBXBuildFile; fileRef = F0D1826523938C2B0022998E /* TabBarViewController.swift */; };
		F0D1826823938C380022998E /* Assets.xcassets in Resources */ = {isa = PBXBuildFile; fileRef = F0D1826723938C380022998E /* Assets.xcassets */; };
		F0D1826B23938C380022998E /* Preview Assets.xcassets in Resources */ = {isa = PBXBuildFile; fileRef = F0D1826A23938C380022998E /* Preview Assets.xcassets */; };
		F0D1826E23938C380022998E /* LaunchScreen.storyboard in Resources */ = {isa = PBXBuildFile; fileRef = F0D1826C23938C380022998E /* LaunchScreen.storyboard */; };
		F0D1827B23938D0B0022998E /* Models.swift in Sources */ = {isa = PBXBuildFile; fileRef = F0D1827523938D0A0022998E /* Models.swift */; };
		F0D1827C23938D0B0022998E /* TimerSession.swift in Sources */ = {isa = PBXBuildFile; fileRef = F0D1827623938D0A0022998E /* TimerSession.swift */; };
		F0D1827D23938D0B0022998E /* Settings.swift in Sources */ = {isa = PBXBuildFile; fileRef = F0D1827723938D0A0022998E /* Settings.swift */; };
		F0D1827E23938D0B0022998E /* TapHistoryList.swift in Sources */ = {isa = PBXBuildFile; fileRef = F0D1827823938D0A0022998E /* TapHistoryList.swift */; };
		F0D1827F23938D0B0022998E /* TimerRing.swift in Sources */ = {isa = PBXBuildFile; fileRef = F0D1827923938D0A0022998E /* TimerRing.swift */; };
		F0D1828023938D0B0022998E /* TimedTapView.swift in Sources */ = {isa = PBXBuildFile; fileRef = F0D1827A23938D0A0022998E /* TimedTapView.swift */; };
		F0E44E09239FD4E3000D2DC7 /* Constants.swift in Sources */ = {isa = PBXBuildFile; fileRef = F0E44E08239FD4E2000D2DC7 /* Constants.swift */; };
		F0E44E0B239FD566000D2DC7 /* IAPManager.swift in Sources */ = {isa = PBXBuildFile; fileRef = F0E44E0A239FD566000D2DC7 /* IAPManager.swift */; };
		F0E44E0F239FE11A000D2DC7 /* IAPView.swift in Sources */ = {isa = PBXBuildFile; fileRef = F0E44E0E239FE11A000D2DC7 /* IAPView.swift */; };
		F0E44E1123A01BF8000D2DC7 /* Nunito-Regular.ttf in Resources */ = {isa = PBXBuildFile; fileRef = F0E44E1023A01BF8000D2DC7 /* Nunito-Regular.ttf */; };
		F0E44E1523A0481D000D2DC7 /* Nunito-Light.ttf in Resources */ = {isa = PBXBuildFile; fileRef = F0E44E1423A0481C000D2DC7 /* Nunito-Light.ttf */; };
/* End PBXBuildFile section */

/* Begin PBXFileReference section */
		F09213FA23AC401200054132 /* Email Coordinator.swift */ = {isa = PBXFileReference; lastKnownFileType = sourcecode.swift; path = "Email Coordinator.swift"; sourceTree = "<group>"; };
		F0AAD97B23B7EB9A0095687C /* UserPrefereneces.swift */ = {isa = PBXFileReference; lastKnownFileType = sourcecode.swift; path = UserPrefereneces.swift; sourceTree = "<group>"; };
		F0B574B7239EFF8800194412 /* ProductsStore.swift */ = {isa = PBXFileReference; lastKnownFileType = sourcecode.swift; path = ProductsStore.swift; sourceTree = "<group>"; };
		F0C0FCE12394BD0600CBF025 /* UntimedTapView.swift */ = {isa = PBXFileReference; lastKnownFileType = sourcecode.swift; path = UntimedTapView.swift; sourceTree = "<group>"; };
		F0C0FCE92399C55300CBF025 /* Nunito-SemiBold.ttf */ = {isa = PBXFileReference; lastKnownFileType = file; path = "Nunito-SemiBold.ttf"; sourceTree = "<group>"; };
		F0C0FCEB2399C55400CBF025 /* Nunito-Bold.ttf */ = {isa = PBXFileReference; lastKnownFileType = file; path = "Nunito-Bold.ttf"; sourceTree = "<group>"; };
		F0C0FCF0239A8E8D00CBF025 /* StoreKit.framework */ = {isa = PBXFileReference; lastKnownFileType = wrapper.framework; name = StoreKit.framework; path = System/Library/Frameworks/StoreKit.framework; sourceTree = SDKROOT; };
		F0C0FCF2239A8EF100CBF025 /* DDK.entitlements */ = {isa = PBXFileReference; lastKnownFileType = text.plist.entitlements; path = DDK.entitlements; sourceTree = "<group>"; };
		F0C0FCF3239ADAAF00CBF025 /* OnboardingScreen.swift */ = {isa = PBXFileReference; fileEncoding = 4; lastKnownFileType = sourcecode.swift; path = OnboardingScreen.swift; sourceTree = "<group>"; };
		F0D1825E23938C2B0022998E /* DDK.app */ = {isa = PBXFileReference; explicitFileType = wrapper.application; includeInIndex = 0; path = DDK.app; sourceTree = BUILT_PRODUCTS_DIR; };
		F0D1826123938C2B0022998E /* AppDelegate.swift */ = {isa = PBXFileReference; lastKnownFileType = sourcecode.swift; path = AppDelegate.swift; sourceTree = "<group>"; };
		F0D1826323938C2B0022998E /* SceneDelegate.swift */ = {isa = PBXFileReference; lastKnownFileType = sourcecode.swift; path = SceneDelegate.swift; sourceTree = "<group>"; };
		F0D1826523938C2B0022998E /* TabBarViewController.swift */ = {isa = PBXFileReference; lastKnownFileType = sourcecode.swift; path = TabBarViewController.swift; sourceTree = "<group>"; };
		F0D1826723938C380022998E /* Assets.xcassets */ = {isa = PBXFileReference; lastKnownFileType = folder.assetcatalog; path = Assets.xcassets; sourceTree = "<group>"; };
		F0D1826A23938C380022998E /* Preview Assets.xcassets */ = {isa = PBXFileReference; lastKnownFileType = folder.assetcatalog; path = "Preview Assets.xcassets"; sourceTree = "<group>"; };
		F0D1826D23938C380022998E /* Base */ = {isa = PBXFileReference; lastKnownFileType = file.storyboard; name = Base; path = Base.lproj/LaunchScreen.storyboard; sourceTree = "<group>"; };
		F0D1826F23938C380022998E /* Info.plist */ = {isa = PBXFileReference; lastKnownFileType = text.plist.xml; path = Info.plist; sourceTree = "<group>"; };
		F0D1827523938D0A0022998E /* Models.swift */ = {isa = PBXFileReference; fileEncoding = 4; lastKnownFileType = sourcecode.swift; path = Models.swift; sourceTree = "<group>"; };
		F0D1827623938D0A0022998E /* TimerSession.swift */ = {isa = PBXFileReference; fileEncoding = 4; lastKnownFileType = sourcecode.swift; path = TimerSession.swift; sourceTree = "<group>"; };
		F0D1827723938D0A0022998E /* Settings.swift */ = {isa = PBXFileReference; fileEncoding = 4; lastKnownFileType = sourcecode.swift; path = Settings.swift; sourceTree = "<group>"; };
		F0D1827823938D0A0022998E /* TapHistoryList.swift */ = {isa = PBXFileReference; fileEncoding = 4; lastKnownFileType = sourcecode.swift; path = TapHistoryList.swift; sourceTree = "<group>"; };
		F0D1827923938D0A0022998E /* TimerRing.swift */ = {isa = PBXFileReference; fileEncoding = 4; lastKnownFileType = sourcecode.swift; path = TimerRing.swift; sourceTree = "<group>"; };
		F0D1827A23938D0A0022998E /* TimedTapView.swift */ = {isa = PBXFileReference; fileEncoding = 4; lastKnownFileType = sourcecode.swift; path = TimedTapView.swift; sourceTree = "<group>"; };
		F0E44E08239FD4E2000D2DC7 /* Constants.swift */ = {isa = PBXFileReference; lastKnownFileType = sourcecode.swift; name = Constants.swift; path = "Diadochokinetic Assess/Constants.swift"; sourceTree = SOURCE_ROOT; };
		F0E44E0A239FD566000D2DC7 /* IAPManager.swift */ = {isa = PBXFileReference; lastKnownFileType = sourcecode.swift; path = IAPManager.swift; sourceTree = "<group>"; };
		F0E44E0E239FE11A000D2DC7 /* IAPView.swift */ = {isa = PBXFileReference; lastKnownFileType = sourcecode.swift; path = IAPView.swift; sourceTree = "<group>"; };
		F0E44E1023A01BF8000D2DC7 /* Nunito-Regular.ttf */ = {isa = PBXFileReference; lastKnownFileType = file; path = "Nunito-Regular.ttf"; sourceTree = "<group>"; };
		F0E44E1423A0481C000D2DC7 /* Nunito-Light.ttf */ = {isa = PBXFileReference; lastKnownFileType = file; path = "Nunito-Light.ttf"; sourceTree = "<group>"; };
/* End PBXFileReference section */

/* Begin PBXFrameworksBuildPhase section */
		F0D1825B23938C2B0022998E /* Frameworks */ = {
			isa = PBXFrameworksBuildPhase;
			buildActionMask = 2147483647;
			files = (
				F0C0FCF1239A8E8D00CBF025 /* StoreKit.framework in Frameworks */,
			);
			runOnlyForDeploymentPostprocessing = 0;
		};
/* End PBXFrameworksBuildPhase section */

/* Begin PBXGroup section */
		F0C0FCE82399C44E00CBF025 /* Fonts */ = {
			isa = PBXGroup;
			children = (
				F0E44E1423A0481C000D2DC7 /* Nunito-Light.ttf */,
				F0C0FCEB2399C55400CBF025 /* Nunito-Bold.ttf */,
				F0E44E1023A01BF8000D2DC7 /* Nunito-Regular.ttf */,
				F0C0FCE92399C55300CBF025 /* Nunito-SemiBold.ttf */,
			);
			path = Fonts;
			sourceTree = "<group>";
		};
		F0C0FCEF239A8E8D00CBF025 /* Frameworks */ = {
			isa = PBXGroup;
			children = (
				F0C0FCF0239A8E8D00CBF025 /* StoreKit.framework */,
			);
			name = Frameworks;
			sourceTree = "<group>";
		};
		F0D1825523938C2B0022998E = {
			isa = PBXGroup;
			children = (
				F0D1826023938C2B0022998E /* Diadochokinetic Assess */,
				F0D1825F23938C2B0022998E /* Products */,
				F0C0FCEF239A8E8D00CBF025 /* Frameworks */,
			);
			sourceTree = "<group>";
		};
		F0D1825F23938C2B0022998E /* Products */ = {
			isa = PBXGroup;
			children = (
				F0D1825E23938C2B0022998E /* DDK.app */,
			);
			name = Products;
			sourceTree = "<group>";
		};
		F0D1826023938C2B0022998E /* Diadochokinetic Assess */ = {
			isa = PBXGroup;
			children = (
				F0C0FCF2239A8EF100CBF025 /* DDK.entitlements */,
				F0D1826123938C2B0022998E /* AppDelegate.swift */,
				F0D1826323938C2B0022998E /* SceneDelegate.swift */,
				F0D1826723938C380022998E /* Assets.xcassets */,
				F0E44E08239FD4E2000D2DC7 /* Constants.swift */,
				F0E44E07239F013E000D2DC7 /* IAP Setup */,
				F0D1827623938D0A0022998E /* TimerSession.swift */,
				F0D1828123938D460022998E /* Models */,
				F0D1828223938D550022998E /* Views */,
				F0D1826C23938C380022998E /* LaunchScreen.storyboard */,
				F0C0FCE82399C44E00CBF025 /* Fonts */,
				F0D1826F23938C380022998E /* Info.plist */,
				F0D1826923938C380022998E /* Preview Content */,
			);
			path = "Diadochokinetic Assess";
			sourceTree = "<group>";
		};
		F0D1826923938C380022998E /* Preview Content */ = {
			isa = PBXGroup;
			children = (
				F0D1826A23938C380022998E /* Preview Assets.xcassets */,
			);
			path = "Preview Content";
			sourceTree = "<group>";
		};
		F0D1828123938D460022998E /* Models */ = {
			isa = PBXGroup;
			children = (
				F0D1827523938D0A0022998E /* Models.swift */,
				F0D1827923938D0A0022998E /* TimerRing.swift */,
			);
			path = Models;
			sourceTree = "<group>";
		};
		F0D1828223938D550022998E /* Views */ = {
			isa = PBXGroup;
			children = (
				F0C0FCF3239ADAAF00CBF025 /* OnboardingScreen.swift */,
				F0D1826523938C2B0022998E /* TabBarViewController.swift */,
				F0D1827A23938D0A0022998E /* TimedTapView.swift */,
				F0C0FCE12394BD0600CBF025 /* UntimedTapView.swift */,
				F0D1827823938D0A0022998E /* TapHistoryList.swift */,
				F0D1827723938D0A0022998E /* Settings.swift */,
				F0E44E0E239FE11A000D2DC7 /* IAPView.swift */,
			);
			path = Views;
			sourceTree = "<group>";
		};
		F0E44E07239F013E000D2DC7 /* IAP Setup */ = {
			isa = PBXGroup;
			children = (
				F0B574B7239EFF8800194412 /* ProductsStore.swift */,
				F0E44E0A239FD566000D2DC7 /* IAPManager.swift */,
				F0AAD97B23B7EB9A0095687C /* UserPrefereneces.swift */,
				F09213FA23AC401200054132 /* Email Coordinator.swift */,
			);
			path = "IAP Setup";
			sourceTree = "<group>";
		};
/* End PBXGroup section */

/* Begin PBXNativeTarget section */
		F0D1825D23938C2B0022998E /* Diadochokinetic Assess */ = {
			isa = PBXNativeTarget;
			buildConfigurationList = F0D1827223938C380022998E /* Build configuration list for PBXNativeTarget "Diadochokinetic Assess" */;
			buildPhases = (
				F0D1825A23938C2B0022998E /* Sources */,
				F0D1825B23938C2B0022998E /* Frameworks */,
				F0D1825C23938C2B0022998E /* Resources */,
			);
			buildRules = (
			);
			dependencies = (
			);
			name = "Diadochokinetic Assess";
			productName = "Diadochokinetic Assess";
			productReference = F0D1825E23938C2B0022998E /* DDK.app */;
			productType = "com.apple.product-type.application";
		};
/* End PBXNativeTarget section */

/* Begin PBXProject section */
		F0D1825623938C2B0022998E /* Project object */ = {
			isa = PBXProject;
			attributes = {
				LastSwiftUpdateCheck = 1120;
				LastUpgradeCheck = 1120;
				ORGANIZATIONNAME = "Ballygorey Apps";
				TargetAttributes = {
					F0D1825D23938C2B0022998E = {
						CreatedOnToolsVersion = 11.2.1;
					};
				};
			};
			buildConfigurationList = F0D1825923938C2B0022998E /* Build configuration list for PBXProject "Diadochokinetic Assess" */;
			compatibilityVersion = "Xcode 9.3";
			developmentRegion = en;
			hasScannedForEncodings = 0;
			knownRegions = (
				en,
				Base,
			);
			mainGroup = F0D1825523938C2B0022998E;
			productRefGroup = F0D1825F23938C2B0022998E /* Products */;
			projectDirPath = "";
			projectRoot = "";
			targets = (
				F0D1825D23938C2B0022998E /* Diadochokinetic Assess */,
			);
		};
/* End PBXProject section */

/* Begin PBXResourcesBuildPhase section */
		F0D1825C23938C2B0022998E /* Resources */ = {
			isa = PBXResourcesBuildPhase;
			buildActionMask = 2147483647;
			files = (
				F0E44E1123A01BF8000D2DC7 /* Nunito-Regular.ttf in Resources */,
				F0E44E1523A0481D000D2DC7 /* Nunito-Light.ttf in Resources */,
				F0C0FCEC2399C55400CBF025 /* Nunito-SemiBold.ttf in Resources */,
				F0D1826E23938C380022998E /* LaunchScreen.storyboard in Resources */,
				F0D1826B23938C380022998E /* Preview Assets.xcassets in Resources */,
				F0C0FCEE2399C55400CBF025 /* Nunito-Bold.ttf in Resources */,
				F0D1826823938C380022998E /* Assets.xcassets in Resources */,
			);
			runOnlyForDeploymentPostprocessing = 0;
		};
/* End PBXResourcesBuildPhase section */

/* Begin PBXSourcesBuildPhase section */
		F0D1825A23938C2B0022998E /* Sources */ = {
			isa = PBXSourcesBuildPhase;
			buildActionMask = 2147483647;
			files = (
				F0E44E0B239FD566000D2DC7 /* IAPManager.swift in Sources */,
				F0D1827D23938D0B0022998E /* Settings.swift in Sources */,
				F0C0FCF4239ADAAF00CBF025 /* OnboardingScreen.swift in Sources */,
				F0D1827C23938D0B0022998E /* TimerSession.swift in Sources */,
				F0D1826223938C2B0022998E /* AppDelegate.swift in Sources */,
				F0D1827F23938D0B0022998E /* TimerRing.swift in Sources */,
				F0D1827E23938D0B0022998E /* TapHistoryList.swift in Sources */,
				F0C0FCE22394BD0700CBF025 /* UntimedTapView.swift in Sources */,
				F0E44E09239FD4E3000D2DC7 /* Constants.swift in Sources */,
				F0D1826423938C2B0022998E /* SceneDelegate.swift in Sources */,
				F0D1828023938D0B0022998E /* TimedTapView.swift in Sources */,
				F0D1826623938C2B0022998E /* TabBarViewController.swift in Sources */,
				F0D1827B23938D0B0022998E /* Models.swift in Sources */,
				F0E44E0F239FE11A000D2DC7 /* IAPView.swift in Sources */,
				F0AAD97C23B7EB9A0095687C /* UserPrefereneces.swift in Sources */,
				F09213FB23AC401200054132 /* Email Coordinator.swift in Sources */,
				F0B574B8239EFF8800194412 /* ProductsStore.swift in Sources */,
			);
			runOnlyForDeploymentPostprocessing = 0;
		};
/* End PBXSourcesBuildPhase section */

/* Begin PBXVariantGroup section */
		F0D1826C23938C380022998E /* LaunchScreen.storyboard */ = {
			isa = PBXVariantGroup;
			children = (
				F0D1826D23938C380022998E /* Base */,
			);
			name = LaunchScreen.storyboard;
			sourceTree = "<group>";
		};
/* End PBXVariantGroup section */

/* Begin XCBuildConfiguration section */
		F0D1827023938C380022998E /* Debug */ = {
			isa = XCBuildConfiguration;
			buildSettings = {
				ALWAYS_SEARCH_USER_PATHS = NO;
				CLANG_ANALYZER_NONNULL = YES;
				CLANG_ANALYZER_NUMBER_OBJECT_CONVERSION = YES_AGGRESSIVE;
				CLANG_CXX_LANGUAGE_STANDARD = "gnu++14";
				CLANG_CXX_LIBRARY = "libc++";
				CLANG_ENABLE_MODULES = YES;
				CLANG_ENABLE_OBJC_ARC = YES;
				CLANG_ENABLE_OBJC_WEAK = YES;
				CLANG_WARN_BLOCK_CAPTURE_AUTORELEASING = YES;
				CLANG_WARN_BOOL_CONVERSION = YES;
				CLANG_WARN_COMMA = YES;
				CLANG_WARN_CONSTANT_CONVERSION = YES;
				CLANG_WARN_DEPRECATED_OBJC_IMPLEMENTATIONS = YES;
				CLANG_WARN_DIRECT_OBJC_ISA_USAGE = YES_ERROR;
				CLANG_WARN_DOCUMENTATION_COMMENTS = YES;
				CLANG_WARN_EMPTY_BODY = YES;
				CLANG_WARN_ENUM_CONVERSION = YES;
				CLANG_WARN_INFINITE_RECURSION = YES;
				CLANG_WARN_INT_CONVERSION = YES;
				CLANG_WARN_NON_LITERAL_NULL_CONVERSION = YES;
				CLANG_WARN_OBJC_IMPLICIT_RETAIN_SELF = YES;
				CLANG_WARN_OBJC_LITERAL_CONVERSION = YES;
				CLANG_WARN_OBJC_ROOT_CLASS = YES_ERROR;
				CLANG_WARN_RANGE_LOOP_ANALYSIS = YES;
				CLANG_WARN_STRICT_PROTOTYPES = YES;
				CLANG_WARN_SUSPICIOUS_MOVE = YES;
				CLANG_WARN_UNGUARDED_AVAILABILITY = YES_AGGRESSIVE;
				CLANG_WARN_UNREACHABLE_CODE = YES;
				CLANG_WARN__DUPLICATE_METHOD_MATCH = YES;
				COPY_PHASE_STRIP = NO;
				DEBUG_INFORMATION_FORMAT = dwarf;
				ENABLE_STRICT_OBJC_MSGSEND = YES;
				ENABLE_TESTABILITY = YES;
				GCC_C_LANGUAGE_STANDARD = gnu11;
				GCC_DYNAMIC_NO_PIC = NO;
				GCC_NO_COMMON_BLOCKS = YES;
				GCC_OPTIMIZATION_LEVEL = 0;
				GCC_PREPROCESSOR_DEFINITIONS = (
					"DEBUG=1",
					"$(inherited)",
				);
				GCC_WARN_64_TO_32_BIT_CONVERSION = YES;
				GCC_WARN_ABOUT_RETURN_TYPE = YES_ERROR;
				GCC_WARN_UNDECLARED_SELECTOR = YES;
				GCC_WARN_UNINITIALIZED_AUTOS = YES_AGGRESSIVE;
				GCC_WARN_UNUSED_FUNCTION = YES;
				GCC_WARN_UNUSED_VARIABLE = YES;
				IPHONEOS_DEPLOYMENT_TARGET = 13.2;
				MTL_ENABLE_DEBUG_INFO = INCLUDE_SOURCE;
				MTL_FAST_MATH = YES;
				ONLY_ACTIVE_ARCH = YES;
				SDKROOT = iphoneos;
				SWIFT_ACTIVE_COMPILATION_CONDITIONS = DEBUG;
				SWIFT_OPTIMIZATION_LEVEL = "-Onone";
			};
			name = Debug;
		};
		F0D1827123938C380022998E /* Release */ = {
			isa = XCBuildConfiguration;
			buildSettings = {
				ALWAYS_SEARCH_USER_PATHS = NO;
				CLANG_ANALYZER_NONNULL = YES;
				CLANG_ANALYZER_NUMBER_OBJECT_CONVERSION = YES_AGGRESSIVE;
				CLANG_CXX_LANGUAGE_STANDARD = "gnu++14";
				CLANG_CXX_LIBRARY = "libc++";
				CLANG_ENABLE_MODULES = YES;
				CLANG_ENABLE_OBJC_ARC = YES;
				CLANG_ENABLE_OBJC_WEAK = YES;
				CLANG_WARN_BLOCK_CAPTURE_AUTORELEASING = YES;
				CLANG_WARN_BOOL_CONVERSION = YES;
				CLANG_WARN_COMMA = YES;
				CLANG_WARN_CONSTANT_CONVERSION = YES;
				CLANG_WARN_DEPRECATED_OBJC_IMPLEMENTATIONS = YES;
				CLANG_WARN_DIRECT_OBJC_ISA_USAGE = YES_ERROR;
				CLANG_WARN_DOCUMENTATION_COMMENTS = YES;
				CLANG_WARN_EMPTY_BODY = YES;
				CLANG_WARN_ENUM_CONVERSION = YES;
				CLANG_WARN_INFINITE_RECURSION = YES;
				CLANG_WARN_INT_CONVERSION = YES;
				CLANG_WARN_NON_LITERAL_NULL_CONVERSION = YES;
				CLANG_WARN_OBJC_IMPLICIT_RETAIN_SELF = YES;
				CLANG_WARN_OBJC_LITERAL_CONVERSION = YES;
				CLANG_WARN_OBJC_ROOT_CLASS = YES_ERROR;
				CLANG_WARN_RANGE_LOOP_ANALYSIS = YES;
				CLANG_WARN_STRICT_PROTOTYPES = YES;
				CLANG_WARN_SUSPICIOUS_MOVE = YES;
				CLANG_WARN_UNGUARDED_AVAILABILITY = YES_AGGRESSIVE;
				CLANG_WARN_UNREACHABLE_CODE = YES;
				CLANG_WARN__DUPLICATE_METHOD_MATCH = YES;
				COPY_PHASE_STRIP = NO;
				DEBUG_INFORMATION_FORMAT = "dwarf-with-dsym";
				ENABLE_NS_ASSERTIONS = NO;
				ENABLE_STRICT_OBJC_MSGSEND = YES;
				GCC_C_LANGUAGE_STANDARD = gnu11;
				GCC_NO_COMMON_BLOCKS = YES;
				GCC_WARN_64_TO_32_BIT_CONVERSION = YES;
				GCC_WARN_ABOUT_RETURN_TYPE = YES_ERROR;
				GCC_WARN_UNDECLARED_SELECTOR = YES;
				GCC_WARN_UNINITIALIZED_AUTOS = YES_AGGRESSIVE;
				GCC_WARN_UNUSED_FUNCTION = YES;
				GCC_WARN_UNUSED_VARIABLE = YES;
				IPHONEOS_DEPLOYMENT_TARGET = 13.2;
				MTL_ENABLE_DEBUG_INFO = NO;
				MTL_FAST_MATH = YES;
				SDKROOT = iphoneos;
				SWIFT_COMPILATION_MODE = wholemodule;
				SWIFT_OPTIMIZATION_LEVEL = "-O";
				VALIDATE_PRODUCT = YES;
			};
			name = Release;
		};
		F0D1827323938C380022998E /* Debug */ = {
			isa = XCBuildConfiguration;
			buildSettings = {
				ASSETCATALOG_COMPILER_APPICON_NAME = DDK_Logo_1;
				CODE_SIGN_ENTITLEMENTS = "Diadochokinetic Assess/DDK.entitlements";
				CODE_SIGN_STYLE = Automatic;
				CURRENT_PROJECT_VERSION = 1;
				DEVELOPMENT_ASSET_PATHS = "\"Diadochokinetic Assess/Preview Content\"";
				DEVELOPMENT_TEAM = 896Q68CL7P;
				ENABLE_PREVIEWS = YES;
				INFOPLIST_FILE = "Diadochokinetic Assess/Info.plist";
				IPHONEOS_DEPLOYMENT_TARGET = 13.0;
				LD_RUNPATH_SEARCH_PATHS = (
					"$(inherited)",
					"@executable_path/Frameworks",
				);
				MARKETING_VERSION = 1.1;
				PRODUCT_BUNDLE_IDENTIFIER = "com.Ballygorey.Diadochokinetic-Assess";
				PRODUCT_NAME = DDK;
				SWIFT_VERSION = 5.0;
				TARGETED_DEVICE_FAMILY = 1;
			};
			name = Debug;
		};
		F0D1827423938C380022998E /* Release */ = {
			isa = XCBuildConfiguration;
			buildSettings = {
				ASSETCATALOG_COMPILER_APPICON_NAME = DDK_Logo_1;
				CODE_SIGN_ENTITLEMENTS = "Diadochokinetic Assess/DDK.entitlements";
				CODE_SIGN_STYLE = Automatic;
				CURRENT_PROJECT_VERSION = 1;
				DEVELOPMENT_ASSET_PATHS = "\"Diadochokinetic Assess/Preview Content\"";
				DEVELOPMENT_TEAM = 896Q68CL7P;
				ENABLE_PREVIEWS = YES;
				INFOPLIST_FILE = "Diadochokinetic Assess/Info.plist";
				IPHONEOS_DEPLOYMENT_TARGET = 13.0;
				LD_RUNPATH_SEARCH_PATHS = (
					"$(inherited)",
					"@executable_path/Frameworks",
				);
				MARKETING_VERSION = 1.1;
				PRODUCT_BUNDLE_IDENTIFIER = "com.Ballygorey.Diadochokinetic-Assess";
				PRODUCT_NAME = DDK;
				SWIFT_VERSION = 5.0;
				TARGETED_DEVICE_FAMILY = 1;
			};
			name = Release;
		};
/* End XCBuildConfiguration section */

/* Begin XCConfigurationList section */
		F0D1825923938C2B0022998E /* Build configuration list for PBXProject "Diadochokinetic Assess" */ = {
			isa = XCConfigurationList;
			buildConfigurations = (
				F0D1827023938C380022998E /* Debug */,
				F0D1827123938C380022998E /* Release */,
			);
			defaultConfigurationIsVisible = 0;
			defaultConfigurationName = Release;
		};
		F0D1827223938C380022998E /* Build configuration list for PBXNativeTarget "Diadochokinetic Assess" */ = {
			isa = XCConfigurationList;
			buildConfigurations = (
				F0D1827323938C380022998E /* Debug */,
				F0D1827423938C380022998E /* Release */,
			);
			defaultConfigurationIsVisible = 0;
			defaultConfigurationName = Release;
		};
/* End XCConfigurationList section */
	};
	rootObject = F0D1825623938C2B0022998E /* Project object */;
}
